// !$*UTF8*$!
{
	archiveVersion = 1;
	classes = {
	};
	objectVersion = 56;
	objects = {

/* Begin PBXBuildFile section */
		6C1EB6E72971C2C3000A1A46 /* AppDelegate.swift in Sources */ = {isa = PBXBuildFile; fileRef = 6C1EB6E62971C2C3000A1A46 /* AppDelegate.swift */; };
		6C1EB6E92971C2C3000A1A46 /* SceneDelegate.swift in Sources */ = {isa = PBXBuildFile; fileRef = 6C1EB6E82971C2C3000A1A46 /* SceneDelegate.swift */; };
		6C1EB6EB2971C2C3000A1A46 /* ViewController.swift in Sources */ = {isa = PBXBuildFile; fileRef = 6C1EB6EA2971C2C3000A1A46 /* ViewController.swift */; };
		6C1EB6EE2971C2C3000A1A46 /* Main.storyboard in Resources */ = {isa = PBXBuildFile; fileRef = 6C1EB6EC2971C2C3000A1A46 /* Main.storyboard */; };
		6C1EB6F02971C2C4000A1A46 /* Assets.xcassets in Resources */ = {isa = PBXBuildFile; fileRef = 6C1EB6EF2971C2C4000A1A46 /* Assets.xcassets */; };
		6C1EB6F32971C2C4000A1A46 /* LaunchScreen.storyboard in Resources */ = {isa = PBXBuildFile; fileRef = 6C1EB6F12971C2C4000A1A46 /* LaunchScreen.storyboard */; };
		6C1EB7012971DA26000A1A46 /* AddStudentViewController.swift in Sources */ = {isa = PBXBuildFile; fileRef = 6C1EB7002971DA26000A1A46 /* AddStudentViewController.swift */; };
		6C1EB7052971E041000A1A46 /* StudentTableViewCell.swift in Sources */ = {isa = PBXBuildFile; fileRef = 6C1EB7032971E041000A1A46 /* StudentTableViewCell.swift */; };
		6C1EB7062971E041000A1A46 /* StudentTableViewCell.xib in Resources */ = {isa = PBXBuildFile; fileRef = 6C1EB7042971E041000A1A46 /* StudentTableViewCell.xib */; };
		6C73F591297263FE00C4A049 /* SqliteDemo.db in Resources */ = {isa = PBXBuildFile; fileRef = 6C73F590297263FE00C4A049 /* SqliteDemo.db */; };
		6C73F59F2972696700C4A049 /* FMDatabaseQueue.m in Sources */ = {isa = PBXBuildFile; fileRef = 6C73F5952972696700C4A049 /* FMDatabaseQueue.m */; };
		6C73F5A02972696700C4A049 /* FMDatabasePool.m in Sources */ = {isa = PBXBuildFile; fileRef = 6C73F5962972696700C4A049 /* FMDatabasePool.m */; };
		6C73F5A12972696700C4A049 /* FMDatabase.m in Sources */ = {isa = PBXBuildFile; fileRef = 6C73F59A2972696700C4A049 /* FMDatabase.m */; };
		6C73F5A22972696700C4A049 /* FMDatabaseAdditions.m in Sources */ = {isa = PBXBuildFile; fileRef = 6C73F59B2972696700C4A049 /* FMDatabaseAdditions.m */; };
		6C73F5A32972696700C4A049 /* FMResultSet.m in Sources */ = {isa = PBXBuildFile; fileRef = 6C73F59E2972696700C4A049 /* FMResultSet.m */; };
		6C73F5A529726A0200C4A049 /* Util.swift in Sources */ = {isa = PBXBuildFile; fileRef = 6C73F5A429726A0200C4A049 /* Util.swift */; };
		6C73F5A729726BC200C4A049 /* StudentModel.swift in Sources */ = {isa = PBXBuildFile; fileRef = 6C73F5A629726BC200C4A049 /* StudentModel.swift */; };
		6C73F5A929726C2600C4A049 /* ModelMenager.swift in Sources */ = {isa = PBXBuildFile; fileRef = 6C73F5A829726C2600C4A049 /* ModelMenager.swift */; };
/* End PBXBuildFile section */

/* Begin PBXFileReference section */
		6C1EB6E32971C2C3000A1A46 /* SQLite Demo.app */ = {isa = PBXFileReference; explicitFileType = wrapper.application; includeInIndex = 0; path = "SQLite Demo.app"; sourceTree = BUILT_PRODUCTS_DIR; };
		6C1EB6E62971C2C3000A1A46 /* AppDelegate.swift */ = {isa = PBXFileReference; lastKnownFileType = sourcecode.swift; path = AppDelegate.swift; sourceTree = "<group>"; };
		6C1EB6E82971C2C3000A1A46 /* SceneDelegate.swift */ = {isa = PBXFileReference; lastKnownFileType = sourcecode.swift; path = SceneDelegate.swift; sourceTree = "<group>"; };
		6C1EB6EA2971C2C3000A1A46 /* ViewController.swift */ = {isa = PBXFileReference; lastKnownFileType = sourcecode.swift; path = ViewController.swift; sourceTree = "<group>"; };
		6C1EB6ED2971C2C3000A1A46 /* Base */ = {isa = PBXFileReference; lastKnownFileType = file.storyboard; name = Base; path = Base.lproj/Main.storyboard; sourceTree = "<group>"; };
		6C1EB6EF2971C2C4000A1A46 /* Assets.xcassets */ = {isa = PBXFileReference; lastKnownFileType = folder.assetcatalog; path = Assets.xcassets; sourceTree = "<group>"; };
		6C1EB6F22971C2C4000A1A46 /* Base */ = {isa = PBXFileReference; lastKnownFileType = file.storyboard; name = Base; path = Base.lproj/LaunchScreen.storyboard; sourceTree = "<group>"; };
		6C1EB6F42971C2C4000A1A46 /* Info.plist */ = {isa = PBXFileReference; lastKnownFileType = text.plist.xml; name = Info.plist; path = "SQLite Demo/Supporting Files/Info.plist"; sourceTree = SOURCE_ROOT; };
		6C1EB7002971DA26000A1A46 /* AddStudentViewController.swift */ = {isa = PBXFileReference; lastKnownFileType = sourcecode.swift; path = AddStudentViewController.swift; sourceTree = "<group>"; };
		6C1EB7032971E041000A1A46 /* StudentTableViewCell.swift */ = {isa = PBXFileReference; lastKnownFileType = sourcecode.swift; path = StudentTableViewCell.swift; sourceTree = "<group>"; };
		6C1EB7042971E041000A1A46 /* StudentTableViewCell.xib */ = {isa = PBXFileReference; lastKnownFileType = file.xib; path = StudentTableViewCell.xib; sourceTree = "<group>"; };
		6C73F590297263FE00C4A049 /* SqliteDemo.db */ = {isa = PBXFileReference; lastKnownFileType = file; path = SqliteDemo.db; sourceTree = "<group>"; };
		6C73F5932972696700C4A049 /* SQLite Demo-Bridging-Header.h */ = {isa = PBXFileReference; lastKnownFileType = sourcecode.c.h; path = "SQLite Demo-Bridging-Header.h"; sourceTree = "<group>"; };
		6C73F5942972696700C4A049 /* FMDatabaseQueue.h */ = {isa = PBXFileReference; fileEncoding = 4; lastKnownFileType = sourcecode.c.h; path = FMDatabaseQueue.h; sourceTree = "<group>"; };
		6C73F5952972696700C4A049 /* FMDatabaseQueue.m */ = {isa = PBXFileReference; fileEncoding = 4; lastKnownFileType = sourcecode.c.objc; path = FMDatabaseQueue.m; sourceTree = "<group>"; };
		6C73F5962972696700C4A049 /* FMDatabasePool.m */ = {isa = PBXFileReference; fileEncoding = 4; lastKnownFileType = sourcecode.c.objc; path = FMDatabasePool.m; sourceTree = "<group>"; };
		6C73F5972972696700C4A049 /* FMDB.h */ = {isa = PBXFileReference; fileEncoding = 4; lastKnownFileType = sourcecode.c.h; path = FMDB.h; sourceTree = "<group>"; };
		6C73F5982972696700C4A049 /* FMDatabase.h */ = {isa = PBXFileReference; fileEncoding = 4; lastKnownFileType = sourcecode.c.h; path = FMDatabase.h; sourceTree = "<group>"; };
		6C73F5992972696700C4A049 /* FMDatabasePool.h */ = {isa = PBXFileReference; fileEncoding = 4; lastKnownFileType = sourcecode.c.h; path = FMDatabasePool.h; sourceTree = "<group>"; };
		6C73F59A2972696700C4A049 /* FMDatabase.m */ = {isa = PBXFileReference; fileEncoding = 4; lastKnownFileType = sourcecode.c.objc; path = FMDatabase.m; sourceTree = "<group>"; };
		6C73F59B2972696700C4A049 /* FMDatabaseAdditions.m */ = {isa = PBXFileReference; fileEncoding = 4; lastKnownFileType = sourcecode.c.objc; path = FMDatabaseAdditions.m; sourceTree = "<group>"; };
		6C73F59C2972696700C4A049 /* FMDatabaseAdditions.h */ = {isa = PBXFileReference; fileEncoding = 4; lastKnownFileType = sourcecode.c.h; path = FMDatabaseAdditions.h; sourceTree = "<group>"; };
		6C73F59D2972696700C4A049 /* FMResultSet.h */ = {isa = PBXFileReference; fileEncoding = 4; lastKnownFileType = sourcecode.c.h; path = FMResultSet.h; sourceTree = "<group>"; };
		6C73F59E2972696700C4A049 /* FMResultSet.m */ = {isa = PBXFileReference; fileEncoding = 4; lastKnownFileType = sourcecode.c.objc; path = FMResultSet.m; sourceTree = "<group>"; };
		6C73F5A429726A0200C4A049 /* Util.swift */ = {isa = PBXFileReference; lastKnownFileType = sourcecode.swift; path = Util.swift; sourceTree = "<group>"; };
		6C73F5A629726BC200C4A049 /* StudentModel.swift */ = {isa = PBXFileReference; lastKnownFileType = sourcecode.swift; path = StudentModel.swift; sourceTree = "<group>"; };
		6C73F5A829726C2600C4A049 /* ModelMenager.swift */ = {isa = PBXFileReference; lastKnownFileType = sourcecode.swift; path = ModelMenager.swift; sourceTree = "<group>"; };
/* End PBXFileReference section */

/* Begin PBXFrameworksBuildPhase section */
		6C1EB6E02971C2C3000A1A46 /* Frameworks */ = {
			isa = PBXFrameworksBuildPhase;
			buildActionMask = 2147483647;
			files = (
			);
			runOnlyForDeploymentPostprocessing = 0;
		};
/* End PBXFrameworksBuildPhase section */

/* Begin PBXGroup section */
		6C1EB6DA2971C2C3000A1A46 = {
			isa = PBXGroup;
			children = (
				6C1EB6E52971C2C3000A1A46 /* SQLite Demo */,
				6C1EB6E42971C2C3000A1A46 /* Products */,
			);
			sourceTree = "<group>";
		};
		6C1EB6E42971C2C3000A1A46 /* Products */ = {
			isa = PBXGroup;
			children = (
				6C1EB6E32971C2C3000A1A46 /* SQLite Demo.app */,
			);
			name = Products;
			sourceTree = "<group>";
		};
		6C1EB6E52971C2C3000A1A46 /* SQLite Demo */ = {
			isa = PBXGroup;
			children = (
				6C1EB6FD2971D072000A1A46 /* Supporting Files */,
				6C1EB6FE2971D09D000A1A46 /* Helper */,
				6C1EB7022971DFFA000A1A46 /* Cells */,
				6C1EB6FC2971D066000A1A46 /* Model */,
				6C1EB6FB2971D060000A1A46 /* View */,
				6C1EB6FA2971D04D000A1A46 /* Controller */,
			);
			path = "SQLite Demo";
			sourceTree = "<group>";
		};
		6C1EB6FA2971D04D000A1A46 /* Controller */ = {
			isa = PBXGroup;
			children = (
				6C1EB6EA2971C2C3000A1A46 /* ViewController.swift */,
				6C1EB7002971DA26000A1A46 /* AddStudentViewController.swift */,
			);
			path = Controller;
			sourceTree = "<group>";
		};
		6C1EB6FB2971D060000A1A46 /* View */ = {
			isa = PBXGroup;
			children = (
				6C1EB6FF2971D14D000A1A46 /* StoryBoard */,
			);
			path = View;
			sourceTree = "<group>";
		};
		6C1EB6FC2971D066000A1A46 /* Model */ = {
			isa = PBXGroup;
			children = (
				6C73F590297263FE00C4A049 /* SqliteDemo.db */,
				6C73F5A429726A0200C4A049 /* Util.swift */,
				6C73F5A829726C2600C4A049 /* ModelMenager.swift */,
				6C73F5A629726BC200C4A049 /* StudentModel.swift */,
			);
			path = Model;
			sourceTree = "<group>";
		};
		6C1EB6FD2971D072000A1A46 /* Supporting Files */ = {
			isa = PBXGroup;
			children = (
				6C1EB6EF2971C2C4000A1A46 /* Assets.xcassets */,
				6C1EB6F42971C2C4000A1A46 /* Info.plist */,
				6C1EB6E62971C2C3000A1A46 /* AppDelegate.swift */,
				6C1EB6E82971C2C3000A1A46 /* SceneDelegate.swift */,
			);
			path = "Supporting Files";
			sourceTree = "<group>";
		};
		6C1EB6FE2971D09D000A1A46 /* Helper */ = {
			isa = PBXGroup;
			children = (
				6C73F5922972693000C4A049 /* FMDB */,
			);
			path = Helper;
			sourceTree = "<group>";
		};
		6C1EB6FF2971D14D000A1A46 /* StoryBoard */ = {
			isa = PBXGroup;
			children = (
				6C1EB6EC2971C2C3000A1A46 /* Main.storyboard */,
				6C1EB6F12971C2C4000A1A46 /* LaunchScreen.storyboard */,
			);
			path = StoryBoard;
			sourceTree = "<group>";
		};
		6C1EB7022971DFFA000A1A46 /* Cells */ = {
			isa = PBXGroup;
			children = (
				6C1EB7032971E041000A1A46 /* StudentTableViewCell.swift */,
				6C1EB7042971E041000A1A46 /* StudentTableViewCell.xib */,
			);
			path = Cells;
			sourceTree = "<group>";
		};
		6C73F5922972693000C4A049 /* FMDB */ = {
			isa = PBXGroup;
			children = (
				6C73F5982972696700C4A049 /* FMDatabase.h */,
				6C73F59A2972696700C4A049 /* FMDatabase.m */,
				6C73F59C2972696700C4A049 /* FMDatabaseAdditions.h */,
				6C73F59B2972696700C4A049 /* FMDatabaseAdditions.m */,
				6C73F5992972696700C4A049 /* FMDatabasePool.h */,
				6C73F5962972696700C4A049 /* FMDatabasePool.m */,
				6C73F5942972696700C4A049 /* FMDatabaseQueue.h */,
				6C73F5952972696700C4A049 /* FMDatabaseQueue.m */,
				6C73F5972972696700C4A049 /* FMDB.h */,
				6C73F59D2972696700C4A049 /* FMResultSet.h */,
				6C73F59E2972696700C4A049 /* FMResultSet.m */,
				6C73F5932972696700C4A049 /* SQLite Demo-Bridging-Header.h */,
			);
			path = FMDB;
			sourceTree = "<group>";
		};
/* End PBXGroup section */

/* Begin PBXNativeTarget section */
		6C1EB6E22971C2C3000A1A46 /* SQLite Demo */ = {
			isa = PBXNativeTarget;
			buildConfigurationList = 6C1EB6F72971C2C4000A1A46 /* Build configuration list for PBXNativeTarget "SQLite Demo" */;
			buildPhases = (
				6C1EB6DF2971C2C3000A1A46 /* Sources */,
				6C1EB6E02971C2C3000A1A46 /* Frameworks */,
				6C1EB6E12971C2C3000A1A46 /* Resources */,
			);
			buildRules = (
			);
			dependencies = (
			);
			name = "SQLite Demo";
			productName = "SQLite Demo";
			productReference = 6C1EB6E32971C2C3000A1A46 /* SQLite Demo.app */;
			productType = "com.apple.product-type.application";
		};
/* End PBXNativeTarget section */

/* Begin PBXProject section */
		6C1EB6DB2971C2C3000A1A46 /* Project object */ = {
			isa = PBXProject;
			attributes = {
				BuildIndependentTargetsInParallel = 1;
				LastSwiftUpdateCheck = 1420;
				LastUpgradeCheck = 1420;
				TargetAttributes = {
					6C1EB6E22971C2C3000A1A46 = {
						CreatedOnToolsVersion = 14.2;
						LastSwiftMigration = 1420;
					};
				};
			};
			buildConfigurationList = 6C1EB6DE2971C2C3000A1A46 /* Build configuration list for PBXProject "SQLite Demo" */;
			compatibilityVersion = "Xcode 14.0";
			developmentRegion = en;
			hasScannedForEncodings = 0;
			knownRegions = (
				en,
				Base,
			);
			mainGroup = 6C1EB6DA2971C2C3000A1A46;
			productRefGroup = 6C1EB6E42971C2C3000A1A46 /* Products */;
			projectDirPath = "";
			projectRoot = "";
			targets = (
				6C1EB6E22971C2C3000A1A46 /* SQLite Demo */,
			);
		};
/* End PBXProject section */

/* Begin PBXResourcesBuildPhase section */
		6C1EB6E12971C2C3000A1A46 /* Resources */ = {
			isa = PBXResourcesBuildPhase;
			buildActionMask = 2147483647;
			files = (
				6C1EB6F32971C2C4000A1A46 /* LaunchScreen.storyboard in Resources */,
				6C1EB6F02971C2C4000A1A46 /* Assets.xcassets in Resources */,
				6C1EB6EE2971C2C3000A1A46 /* Main.storyboard in Resources */,
				6C1EB7062971E041000A1A46 /* StudentTableViewCell.xib in Resources */,
				6C73F591297263FE00C4A049 /* SqliteDemo.db in Resources */,
			);
			runOnlyForDeploymentPostprocessing = 0;
		};
/* End PBXResourcesBuildPhase section */

/* Begin PBXSourcesBuildPhase section */
		6C1EB6DF2971C2C3000A1A46 /* Sources */ = {
			isa = PBXSourcesBuildPhase;
			buildActionMask = 2147483647;
			files = (
				6C73F5A529726A0200C4A049 /* Util.swift in Sources */,
				6C73F5A729726BC200C4A049 /* StudentModel.swift in Sources */,
				6C1EB7012971DA26000A1A46 /* AddStudentViewController.swift in Sources */,
				6C1EB7052971E041000A1A46 /* StudentTableViewCell.swift in Sources */,
				6C1EB6EB2971C2C3000A1A46 /* ViewController.swift in Sources */,
				6C1EB6E72971C2C3000A1A46 /* AppDelegate.swift in Sources */,
				6C73F5A929726C2600C4A049 /* ModelMenager.swift in Sources */,
				6C73F5A32972696700C4A049 /* FMResultSet.m in Sources */,
				6C73F5A02972696700C4A049 /* FMDatabasePool.m in Sources */,
				6C73F5A22972696700C4A049 /* FMDatabaseAdditions.m in Sources */,
				6C1EB6E92971C2C3000A1A46 /* SceneDelegate.swift in Sources */,
				6C73F59F2972696700C4A049 /* FMDatabaseQueue.m in Sources */,
				6C73F5A12972696700C4A049 /* FMDatabase.m in Sources */,
			);
			runOnlyForDeploymentPostprocessing = 0;
		};
/* End PBXSourcesBuildPhase section */

/* Begin PBXVariantGroup section */
		6C1EB6EC2971C2C3000A1A46 /* Main.storyboard */ = {
			isa = PBXVariantGroup;
			children = (
				6C1EB6ED2971C2C3000A1A46 /* Base */,
			);
			name = Main.storyboard;
			sourceTree = "<group>";
		};
		6C1EB6F12971C2C4000A1A46 /* LaunchScreen.storyboard */ = {
			isa = PBXVariantGroup;
			children = (
				6C1EB6F22971C2C4000A1A46 /* Base */,
			);
			name = LaunchScreen.storyboard;
			sourceTree = "<group>";
		};
/* End PBXVariantGroup section */

/* Begin XCBuildConfiguration section */
		6C1EB6F52971C2C4000A1A46 /* Debug */ = {
			isa = XCBuildConfiguration;
			buildSettings = {
				ALWAYS_SEARCH_USER_PATHS = NO;
				CLANG_ANALYZER_NONNULL = YES;
				CLANG_ANALYZER_NUMBER_OBJECT_CONVERSION = YES_AGGRESSIVE;
				CLANG_CXX_LANGUAGE_STANDARD = "gnu++20";
				CLANG_ENABLE_MODULES = YES;
				CLANG_ENABLE_OBJC_ARC = YES;
				CLANG_ENABLE_OBJC_WEAK = YES;
				CLANG_WARN_BLOCK_CAPTURE_AUTORELEASING = YES;
				CLANG_WARN_BOOL_CONVERSION = YES;
				CLANG_WARN_COMMA = YES;
				CLANG_WARN_CONSTANT_CONVERSION = YES;
				CLANG_WARN_DEPRECATED_OBJC_IMPLEMENTATIONS = YES;
				CLANG_WARN_DIRECT_OBJC_ISA_USAGE = YES_ERROR;
				CLANG_WARN_DOCUMENTATION_COMMENTS = YES;
				CLANG_WARN_EMPTY_BODY = YES;
				CLANG_WARN_ENUM_CONVERSION = YES;
				CLANG_WARN_INFINITE_RECURSION = YES;
				CLANG_WARN_INT_CONVERSION = YES;
				CLANG_WARN_NON_LITERAL_NULL_CONVERSION = YES;
				CLANG_WARN_OBJC_IMPLICIT_RETAIN_SELF = YES;
				CLANG_WARN_OBJC_LITERAL_CONVERSION = YES;
				CLANG_WARN_OBJC_ROOT_CLASS = YES_ERROR;
				CLANG_WARN_QUOTED_INCLUDE_IN_FRAMEWORK_HEADER = YES;
				CLANG_WARN_RANGE_LOOP_ANALYSIS = YES;
				CLANG_WARN_STRICT_PROTOTYPES = YES;
				CLANG_WARN_SUSPICIOUS_MOVE = YES;
				CLANG_WARN_UNGUARDED_AVAILABILITY = YES_AGGRESSIVE;
				CLANG_WARN_UNREACHABLE_CODE = YES;
				CLANG_WARN__DUPLICATE_METHOD_MATCH = YES;
				COPY_PHASE_STRIP = NO;
				DEBUG_INFORMATION_FORMAT = dwarf;
				ENABLE_STRICT_OBJC_MSGSEND = YES;
				ENABLE_TESTABILITY = YES;
				GCC_C_LANGUAGE_STANDARD = gnu11;
				GCC_DYNAMIC_NO_PIC = NO;
				GCC_NO_COMMON_BLOCKS = YES;
				GCC_OPTIMIZATION_LEVEL = 0;
				GCC_PREPROCESSOR_DEFINITIONS = (
					"DEBUG=1",
					"$(inherited)",
				);
				GCC_WARN_64_TO_32_BIT_CONVERSION = YES;
				GCC_WARN_ABOUT_RETURN_TYPE = YES_ERROR;
				GCC_WARN_UNDECLARED_SELECTOR = YES;
				GCC_WARN_UNINITIALIZED_AUTOS = YES_AGGRESSIVE;
				GCC_WARN_UNUSED_FUNCTION = YES;
				GCC_WARN_UNUSED_VARIABLE = YES;
				IPHONEOS_DEPLOYMENT_TARGET = 16.2;
				MTL_ENABLE_DEBUG_INFO = INCLUDE_SOURCE;
				MTL_FAST_MATH = YES;
				ONLY_ACTIVE_ARCH = YES;
				SDKROOT = iphoneos;
				SWIFT_ACTIVE_COMPILATION_CONDITIONS = DEBUG;
				SWIFT_OPTIMIZATION_LEVEL = "-Onone";
			};
			name = Debug;
		};
		6C1EB6F62971C2C4000A1A46 /* Release */ = {
			isa = XCBuildConfiguration;
			buildSettings = {
				ALWAYS_SEARCH_USER_PATHS = NO;
				CLANG_ANALYZER_NONNULL = YES;
				CLANG_ANALYZER_NUMBER_OBJECT_CONVERSION = YES_AGGRESSIVE;
				CLANG_CXX_LANGUAGE_STANDARD = "gnu++20";
				CLANG_ENABLE_MODULES = YES;
				CLANG_ENABLE_OBJC_ARC = YES;
				CLANG_ENABLE_OBJC_WEAK = YES;
				CLANG_WARN_BLOCK_CAPTURE_AUTORELEASING = YES;
				CLANG_WARN_BOOL_CONVERSION = YES;
				CLANG_WARN_COMMA = YES;
				CLANG_WARN_CONSTANT_CONVERSION = YES;
				CLANG_WARN_DEPRECATED_OBJC_IMPLEMENTATIONS = YES;
				CLANG_WARN_DIRECT_OBJC_ISA_USAGE = YES_ERROR;
				CLANG_WARN_DOCUMENTATION_COMMENTS = YES;
				CLANG_WARN_EMPTY_BODY = YES;
				CLANG_WARN_ENUM_CONVERSION = YES;
				CLANG_WARN_INFINITE_RECURSION = YES;
				CLANG_WARN_INT_CONVERSION = YES;
				CLANG_WARN_NON_LITERAL_NULL_CONVERSION = YES;
				CLANG_WARN_OBJC_IMPLICIT_RETAIN_SELF = YES;
				CLANG_WARN_OBJC_LITERAL_CONVERSION = YES;
				CLANG_WARN_OBJC_ROOT_CLASS = YES_ERROR;
				CLANG_WARN_QUOTED_INCLUDE_IN_FRAMEWORK_HEADER = YES;
				CLANG_WARN_RANGE_LOOP_ANALYSIS = YES;
				CLANG_WARN_STRICT_PROTOTYPES = YES;
				CLANG_WARN_SUSPICIOUS_MOVE = YES;
				CLANG_WARN_UNGUARDED_AVAILABILITY = YES_AGGRESSIVE;
				CLANG_WARN_UNREACHABLE_CODE = YES;
				CLANG_WARN__DUPLICATE_METHOD_MATCH = YES;
				COPY_PHASE_STRIP = NO;
				DEBUG_INFORMATION_FORMAT = "dwarf-with-dsym";
				ENABLE_NS_ASSERTIONS = NO;
				ENABLE_STRICT_OBJC_MSGSEND = YES;
				GCC_C_LANGUAGE_STANDARD = gnu11;
				GCC_NO_COMMON_BLOCKS = YES;
				GCC_WARN_64_TO_32_BIT_CONVERSION = YES;
				GCC_WARN_ABOUT_RETURN_TYPE = YES_ERROR;
				GCC_WARN_UNDECLARED_SELECTOR = YES;
				GCC_WARN_UNINITIALIZED_AUTOS = YES_AGGRESSIVE;
				GCC_WARN_UNUSED_FUNCTION = YES;
				GCC_WARN_UNUSED_VARIABLE = YES;
				IPHONEOS_DEPLOYMENT_TARGET = 16.2;
				MTL_ENABLE_DEBUG_INFO = NO;
				MTL_FAST_MATH = YES;
				SDKROOT = iphoneos;
				SWIFT_COMPILATION_MODE = wholemodule;
				SWIFT_OPTIMIZATION_LEVEL = "-O";
				VALIDATE_PRODUCT = YES;
			};
			name = Release;
		};
		6C1EB6F82971C2C4000A1A46 /* Debug */ = {
			isa = XCBuildConfiguration;
			buildSettings = {
				ASSETCATALOG_COMPILER_APPICON_NAME = AppIcon;
				ASSETCATALOG_COMPILER_GLOBAL_ACCENT_COLOR_NAME = AccentColor;
				CLANG_ENABLE_MODULES = YES;
				CODE_SIGN_STYLE = Automatic;
				CURRENT_PROJECT_VERSION = 1;
				DEVELOPMENT_TEAM = 88MNYF3498;
				GENERATE_INFOPLIST_FILE = YES;
				INFOPLIST_FILE = "SQLite Demo/Supporting Files/Info.plist";
				INFOPLIST_KEY_UIApplicationSupportsIndirectInputEvents = YES;
				INFOPLIST_KEY_UILaunchStoryboardName = LaunchScreen;
				INFOPLIST_KEY_UIMainStoryboardFile = Main;
				INFOPLIST_KEY_UISupportedInterfaceOrientations_iPad = "UIInterfaceOrientationPortrait UIInterfaceOrientationPortraitUpsideDown UIInterfaceOrientationLandscapeLeft UIInterfaceOrientationLandscapeRight";
				INFOPLIST_KEY_UISupportedInterfaceOrientations_iPhone = "UIInterfaceOrientationPortrait UIInterfaceOrientationLandscapeLeft UIInterfaceOrientationLandscapeRight";
				LD_RUNPATH_SEARCH_PATHS = (
					"$(inherited)",
					"@executable_path/Frameworks",
				);
				MARKETING_VERSION = 1.0;
				PRODUCT_BUNDLE_IDENTIFIER = "kashem.com.SQLite-Demo";
				PRODUCT_NAME = "$(TARGET_NAME)";
				SWIFT_EMIT_LOC_STRINGS = YES;
				SWIFT_OBJC_BRIDGING_HEADER = "SQLite Demo/Helper/FMDB/SQLite Demo-Bridging-Header.h";
				SWIFT_OPTIMIZATION_LEVEL = "-Onone";
				SWIFT_VERSION = 5.0;
				TARGETED_DEVICE_FAMILY = "1,2";
			};
			name = Debug;
		};
		6C1EB6F92971C2C4000A1A46 /* Release */ = {
			isa = XCBuildConfiguration;
			buildSettings = {
				ASSETCATALOG_COMPILER_APPICON_NAME = AppIcon;
				ASSETCATALOG_COMPILER_GLOBAL_ACCENT_COLOR_NAME = AccentColor;
				CLANG_ENABLE_MODULES = YES;
				CODE_SIGN_STYLE = Automatic;
				CURRENT_PROJECT_VERSION = 1;
				DEVELOPMENT_TEAM = 88MNYF3498;
				GENERATE_INFOPLIST_FILE = YES;
				INFOPLIST_FILE = "SQLite Demo/Supporting Files/Info.plist";
				INFOPLIST_KEY_UIApplicationSupportsIndirectInputEvents = YES;
				INFOPLIST_KEY_UILaunchStoryboardName = LaunchScreen;
				INFOPLIST_KEY_UIMainStoryboardFile = Main;
				INFOPLIST_KEY_UISupportedInterfaceOrientations_iPad = "UIInterfaceOrientationPortrait UIInterfaceOrientationPortraitUpsideDown UIInterfaceOrientationLandscapeLeft UIInterfaceOrientationLandscapeRight";
				INFOPLIST_KEY_UISupportedInterfaceOrientations_iPhone = "UIInterfaceOrientationPortrait UIInterfaceOrientationLandscapeLeft UIInterfaceOrientationLandscapeRight";
				LD_RUNPATH_SEARCH_PATHS = (
					"$(inherited)",
					"@executable_path/Frameworks",
				);
				MARKETING_VERSION = 1.0;
				PRODUCT_BUNDLE_IDENTIFIER = "kashem.com.SQLite-Demo";
				PRODUCT_NAME = "$(TARGET_NAME)";
				SWIFT_EMIT_LOC_STRINGS = YES;
				SWIFT_OBJC_BRIDGING_HEADER = "SQLite Demo/Helper/FMDB/SQLite Demo-Bridging-Header.h";
				SWIFT_VERSION = 5.0;
				TARGETED_DEVICE_FAMILY = "1,2";
			};
			name = Release;
		};
/* End XCBuildConfiguration section */

/* Begin XCConfigurationList section */
		6C1EB6DE2971C2C3000A1A46 /* Build configuration list for PBXProject "SQLite Demo" */ = {
			isa = XCConfigurationList;
			buildConfigurations = (
				6C1EB6F52971C2C4000A1A46 /* Debug */,
				6C1EB6F62971C2C4000A1A46 /* Release */,
			);
			defaultConfigurationIsVisible = 0;
			defaultConfigurationName = Release;
		};
		6C1EB6F72971C2C4000A1A46 /* Build configuration list for PBXNativeTarget "SQLite Demo" */ = {
			isa = XCConfigurationList;
			buildConfigurations = (
				6C1EB6F82971C2C4000A1A46 /* Debug */,
				6C1EB6F92971C2C4000A1A46 /* Release */,
			);
			defaultConfigurationIsVisible = 0;
			defaultConfigurationName = Release;
		};
/* End XCConfigurationList section */
	};
	rootObject = 6C1EB6DB2971C2C3000A1A46 /* Project object */;
}
